
Microsoft Visual Studio Solution File, Format Version 12.00
# Visual Studio Version 17
VisualStudioVersion = 17.14.37516.0 d17.14
MinimumVisualStudioVersion = 10.0.40219.1
Project("{FAE04EC0-301F-11D3-BF4B-00C04F79EFBC}") = "IT3045_finalproj", "IT3045_finalproj.csproj", "{F18EA9C6-89E4-4052-9E97-6122D67D3659}"
EndProject
Global
	GlobalSection(SolutionConfigurationPlatforms) = preSolution
		Debug|Any CPU = Debug|Any CPU
		Release|Any CPU = Release|Any CPU
	EndGlobalSection
	GlobalSection(ProjectConfigurationPlatforms) = postSolution
		{F18EA9C6-89E4-4052-9E97-6122D67D3659}.Debug|Any CPU.ActiveCfg = Debug|Any CPU
		{F18EA9C6-89E4-4052-9E97-6122D67D3659}.Debug|Any CPU.Build.0 = Debug|Any CPU
		{F18EA9C6-89E4-4052-9E97-6122D67D3659}.Release|Any CPU.ActiveCfg = Release|Any CPU
		{F18EA9C6-89E4-4052-9E97-6122D67D3659}.Release|Any CPU.Build.0 = Release|Any CPU
	EndGlobalSection
	GlobalSection(SolutionProperties) = preSolution
		HideSolutionNode = FALSE
	EndGlobalSection
	GlobalSection(ExtensibilityGlobals) = postSolution
		SolutionGuid = {561868D8-DAF1-46C0-8C8C-719D32F3955B}
	EndGlobalSection
EndGlobal
